
Microsoft Visual Studio Solution File, Format Version 12.00
# Visual Studio Version 17
VisualStudioVersion = 17.5.33530.505
MinimumVisualStudioVersion = 10.0.40219.1
Project("{9A19103F-16F7-4668-BE54-9A1E7A4F7556}") = "EDennis.MvcUtils", "EDennis.MvcUtils\EDennis.MvcUtils.csproj", "{A312AAF1-A7C0-40A1-8515-B141F134EA99}"
EndProject
Project("{9A19103F-16F7-4668-BE54-9A1E7A4F7556}") = "EDennis.MvcHits", "EDennis.MvcHits\EDennis.MvcHits.csproj", "{88AD4083-DB08-4F8D-B14A-25C9D66930A4}"
EndProject
Global
	GlobalSection(SolutionConfigurationPlatforms) = preSolution
		Debug|Any CPU = Debug|Any CPU
		Release|Any CPU = Release|Any CPU
	EndGlobalSection
	GlobalSection(ProjectConfigurationPlatforms) = postSolution
		{A312AAF1-A7C0-40A1-8515-B141F134EA99}.Debug|Any CPU.ActiveCfg = Debug|Any CPU
		{A312AAF1-A7C0-40A1-8515-B141F134EA99}.Debug|Any CPU.Build.0 = Debug|Any CPU
		{A312AAF1-A7C0-40A1-8515-B141F134EA99}.Release|Any CPU.ActiveCfg = Release|Any CPU
		{A312AAF1-A7C0-40A1-8515-B141F134EA99}.Release|Any CPU.Build.0 = Release|Any CPU
		{88AD4083-DB08-4F8D-B14A-25C9D66930A4}.Debug|Any CPU.ActiveCfg = Debug|Any CPU
		{88AD4083-DB08-4F8D-B14A-25C9D66930A4}.Debug|Any CPU.Build.0 = Debug|Any CPU
		{88AD4083-DB08-4F8D-B14A-25C9D66930A4}.Release|Any CPU.ActiveCfg = Release|Any CPU
		{88AD4083-DB08-4F8D-B14A-25C9D66930A4}.Release|Any CPU.Build.0 = Release|Any CPU
	EndGlobalSection
	GlobalSection(SolutionProperties) = preSolution
		HideSolutionNode = FALSE
	EndGlobalSection
	GlobalSection(ExtensibilityGlobals) = postSolution
		SolutionGuid = {E1202EEF-4378-4C72-9060-8979E9329C49}
	EndGlobalSection
EndGlobal
